schema: '2.0'
stages:
  train:
    cmd: python pretrained_model_tuner.py
    deps:
    - path: hymenoptera_data/
      md5: 70257f9e4b0b3ec72deeed5e1b880c3b.dir
      size: 47404368
      nfiles: 401
    - path: pretrained_model_tuner.py
      md5: 044038b1581501052570b81eab0d8f51
      size: 7224
    params:
      params.yaml:
        batch_size: 8
        lr: 0.1
        model_name: squeezenet
        momentum: 0.09
        num_classes: 2
        num_epochs: 2
    outs:
    - path: model.pt
      md5: c1b303d7662574ebf635de43b01993d5
      size: 2961693
    - path: results/metrics.json
      md5: 8ddf5b000acfa07b9af49ccb75c37e3b
      size: 192
